
Microsoft Visual Studio Solution File, Format Version 12.00
# Visual Studio Version 16
VisualStudioVersion = 16.0.29201.188
MinimumVisualStudioVersion = 10.0.40219.1
Project("{FAE04EC0-301F-11D3-BF4B-00C04F79EFBC}") = "Multi-Window SSH Client", "Multi-Window SSH Client\Multi-Window SSH Client.csproj", "{95C392E1-D559-4F06-A22C-F5627877A3C2}"
EndProject
Global
	GlobalSection(SolutionConfigurationPlatforms) = preSolution
		Debug|Any CPU = Debug|Any CPU
		Release|Any CPU = Release|Any CPU
	EndGlobalSection
	GlobalSection(ProjectConfigurationPlatforms) = postSolution
		{95C392E1-D559-4F06-A22C-F5627877A3C2}.Debug|Any CPU.ActiveCfg = Debug|Any CPU
		{95C392E1-D559-4F06-A22C-F5627877A3C2}.Debug|Any CPU.Build.0 = Debug|Any CPU
		{95C392E1-D559-4F06-A22C-F5627877A3C2}.Release|Any CPU.ActiveCfg = Release|Any CPU
		{95C392E1-D559-4F06-A22C-F5627877A3C2}.Release|Any CPU.Build.0 = Release|Any CPU
	EndGlobalSection
	GlobalSection(SolutionProperties) = preSolution
		HideSolutionNode = FALSE
	EndGlobalSection
	GlobalSection(ExtensibilityGlobals) = postSolution
		SolutionGuid = {DF8B0B2C-7686-4671-A508-B6795C2F5028}
	EndGlobalSection
EndGlobal
